// !$*UTF8*$!
{
	archiveVersion = 1;
	classes = {
	};
	objectVersion = 52;
	objects = {

/* Begin PBXBuildFile section */
		131FF1703CFAA8851E54DA8E /* Pods_TripStory.framework in Frameworks */ = {isa = PBXBuildFile; fileRef = 5ACDE4E35D41917C3A54C836 /* Pods_TripStory.framework */; };
		B300010725B8060F001C46F7 /* WebRepository.swift in Sources */ = {isa = PBXBuildFile; fileRef = B300010625B8060F001C46F7 /* WebRepository.swift */; };
		B300010B25B80663001C46F7 /* APICall.swift in Sources */ = {isa = PBXBuildFile; fileRef = B300010A25B80663001C46F7 /* APICall.swift */; };
		B300010F25B80DF0001C46F7 /* DefaultAuthenticationRepository.swift in Sources */ = {isa = PBXBuildFile; fileRef = B300010E25B80DF0001C46F7 /* DefaultAuthenticationRepository.swift */; };
		B306CC5025AE8907007D99AD /* FindPasswordView.swift in Sources */ = {isa = PBXBuildFile; fileRef = B306CC4F25AE8907007D99AD /* FindPasswordView.swift */; };
		B306CC5725AEB094007D99AD /* AuthenticationRepository.swift in Sources */ = {isa = PBXBuildFile; fileRef = B306CC5625AEB094007D99AD /* AuthenticationRepository.swift */; };
		B306CC7225B03058007D99AD /* Helpers.swift in Sources */ = {isa = PBXBuildFile; fileRef = B306CC7125B03058007D99AD /* Helpers.swift */; };
		B3247D3C25A9FE340002A7EA /* EnvironmentOverrides in Frameworks */ = {isa = PBXBuildFile; productRef = B3247D3B25A9FE340002A7EA /* EnvironmentOverrides */; };
		B3247D4025A9FEA70002A7EA /* Launch Screen.storyboard in Resources */ = {isa = PBXBuildFile; fileRef = B3247D3F25A9FEA70002A7EA /* Launch Screen.storyboard */; };
		B3247D4425AA00290002A7EA /* logo.png in Resources */ = {isa = PBXBuildFile; fileRef = B3247D4325AA00290002A7EA /* logo.png */; };
		B3247D4C25AA08750002A7EA /* ErrorView.swift in Sources */ = {isa = PBXBuildFile; fileRef = B3247D4B25AA08750002A7EA /* ErrorView.swift */; };
		B3247D5025AA0C130002A7EA /* MainView.swift in Sources */ = {isa = PBXBuildFile; fileRef = B3247D4F25AA0C130002A7EA /* MainView.swift */; };
		B3247D5425AA17070002A7EA /* StartView.swift in Sources */ = {isa = PBXBuildFile; fileRef = B3247D5325AA17070002A7EA /* StartView.swift */; };
		B3247D5825AA1EDF0002A7EA /* CancelBag.swift in Sources */ = {isa = PBXBuildFile; fileRef = B3247D5725AA1EDF0002A7EA /* CancelBag.swift */; };
		B3247D5C25AA28BC0002A7EA /* RootViewModifier.swift in Sources */ = {isa = PBXBuildFile; fileRef = B3247D5B25AA28BC0002A7EA /* RootViewModifier.swift */; };
		B3247D7425AA3A9C0002A7EA /* Colors.swift in Sources */ = {isa = PBXBuildFile; fileRef = B3247D7325AA3A9C0002A7EA /* Colors.swift */; };
		B3247D7A25AA3B1E0002A7EA /* Colors.xcassets in Resources */ = {isa = PBXBuildFile; fileRef = B3247D7925AA3B1E0002A7EA /* Colors.xcassets */; };
		B3283FDE25ABF9FD00392CCA /* SystemEventsHandler.swift in Sources */ = {isa = PBXBuildFile; fileRef = B3283FDD25ABF9FD00392CCA /* SystemEventsHandler.swift */; };
		B3283FE425AC13F100392CCA /* DeepLinksHandler.swift in Sources */ = {isa = PBXBuildFile; fileRef = B3283FE325AC13F100392CCA /* DeepLinksHandler.swift */; };
		B3283FE825AC2DD100392CCA /* PushNotificationsHandler.swift in Sources */ = {isa = PBXBuildFile; fileRef = B3283FE725AC2DD100392CCA /* PushNotificationsHandler.swift */; };
		B3283FEC25AC388600392CCA /* LoginView.swift in Sources */ = {isa = PBXBuildFile; fileRef = B3283FEB25AC388600392CCA /* LoginView.swift */; };
		B3283FF625AC394E00392CCA /* SignUpView.swift in Sources */ = {isa = PBXBuildFile; fileRef = B3283FF525AC394E00392CCA /* SignUpView.swift */; };
		B32EE28825B916AA00B5473D /* KeychainAccess in Frameworks */ = {isa = PBXBuildFile; productRef = B32EE28725B916AA00B5473D /* KeychainAccess */; };
		B32EE28C25B9464000B5473D /* LogoutInteractor.swift in Sources */ = {isa = PBXBuildFile; fileRef = B32EE28B25B9464000B5473D /* LogoutInteractor.swift */; };
		B32EE29125B957EE00B5473D /* HomeView.swift in Sources */ = {isa = PBXBuildFile; fileRef = B32EE29025B957EE00B5473D /* HomeView.swift */; };
		B32EE29525B957FF00B5473D /* ScheduleView.swift in Sources */ = {isa = PBXBuildFile; fileRef = B32EE29425B957FF00B5473D /* ScheduleView.swift */; };
		B32EE29925B9581000B5473D /* MapView.swift in Sources */ = {isa = PBXBuildFile; fileRef = B32EE29825B9581000B5473D /* MapView.swift */; };
		B32EE29D25B9582000B5473D /* MessageView.swift in Sources */ = {isa = PBXBuildFile; fileRef = B32EE29C25B9582000B5473D /* MessageView.swift */; };
		B32EE2A125B9583100B5473D /* SettingsView.swift in Sources */ = {isa = PBXBuildFile; fileRef = B32EE2A025B9583100B5473D /* SettingsView.swift */; };
		B34107E625C0E9B300885B04 /* GoogleService-Info.plist in Resources */ = {isa = PBXBuildFile; fileRef = B34107E525C0E9B200885B04 /* GoogleService-Info.plist */; };
		B34E4DA725C5B1AD00D58CA7 /* ImageInteractor.swift in Sources */ = {isa = PBXBuildFile; fileRef = B34E4DA625C5B1AD00D58CA7 /* ImageInteractor.swift */; };
		B34E4DAB25C5B42500D58CA7 /* ImageRepository.swift in Sources */ = {isa = PBXBuildFile; fileRef = B34E4DAA25C5B42500D58CA7 /* ImageRepository.swift */; };
		B34E4DBF25C61A5C00D58CA7 /* Loadable.swift in Sources */ = {isa = PBXBuildFile; fileRef = B34E4DBE25C61A5C00D58CA7 /* Loadable.swift */; };
		B34E4DD125C625C000D58CA7 /* ImageView.swift in Sources */ = {isa = PBXBuildFile; fileRef = B34E4DD025C625C000D58CA7 /* ImageView.swift */; };
		B365C20325AC4F830095C52F /* NavigationBarModifier.swift in Sources */ = {isa = PBXBuildFile; fileRef = B365C20225AC4F830095C52F /* NavigationBarModifier.swift */; };
		B365C20A25AC7C2B0095C52F /* Fonts.swift in Sources */ = {isa = PBXBuildFile; fileRef = B365C20925AC7C2B0095C52F /* Fonts.swift */; };
		B365C22D25AC8B170095C52F /* NanumSquareExtraBold.ttf in Resources */ = {isa = PBXBuildFile; fileRef = B365C22925AC8B160095C52F /* NanumSquareExtraBold.ttf */; };
		B365C22E25AC8B170095C52F /* NanumSquareBold.ttf in Resources */ = {isa = PBXBuildFile; fileRef = B365C22A25AC8B160095C52F /* NanumSquareBold.ttf */; };
		B365C22F25AC8B170095C52F /* NanumSquareLight.ttf in Resources */ = {isa = PBXBuildFile; fileRef = B365C22B25AC8B170095C52F /* NanumSquareLight.ttf */; };
		B365C23025AC8B170095C52F /* NanumSquareRegular.ttf in Resources */ = {isa = PBXBuildFile; fileRef = B365C22C25AC8B170095C52F /* NanumSquareRegular.ttf */; };
		B376644025B4092200FE6A08 /* LoginInteractor.swift in Sources */ = {isa = PBXBuildFile; fileRef = B376643F25B4092200FE6A08 /* LoginInteractor.swift */; };
		B376644425B40B7B00FE6A08 /* SignupInteractor.swift in Sources */ = {isa = PBXBuildFile; fileRef = B376644325B40B7B00FE6A08 /* SignupInteractor.swift */; };
		B376644C25B4134B00FE6A08 /* States.swift in Sources */ = {isa = PBXBuildFile; fileRef = B376644B25B4134B00FE6A08 /* States.swift */; };
		B37DAC2F25AD5C2E007855E6 /* StyleGuides.swift in Sources */ = {isa = PBXBuildFile; fileRef = B37DAC2E25AD5C2E007855E6 /* StyleGuides.swift */; };
		B37DAC3325AD792A007855E6 /* TextFieldModifiers.swift in Sources */ = {isa = PBXBuildFile; fileRef = B37DAC3225AD792A007855E6 /* TextFieldModifiers.swift */; };
		B37DAC3725AD81A0007855E6 /* ButtonModifiers.swift in Sources */ = {isa = PBXBuildFile; fileRef = B37DAC3625AD81A0007855E6 /* ButtonModifiers.swift */; };
		B37DAC3D25AD886B007855E6 /* Errors.swift in Sources */ = {isa = PBXBuildFile; fileRef = B37DAC3C25AD886B007855E6 /* Errors.swift */; };
		B38A206525C2FE3800A64D4C /* CustomTabView.swift in Sources */ = {isa = PBXBuildFile; fileRef = B38A206425C2FE3800A64D4C /* CustomTabView.swift */; };
		B39ADF0A25C5972000573AB7 /* CornerRadius.swift in Sources */ = {isa = PBXBuildFile; fileRef = B39ADF0925C5972000573AB7 /* CornerRadius.swift */; };
		B3BFB35125B18165007F0B9D /* LoadingButtonView.swift in Sources */ = {isa = PBXBuildFile; fileRef = B3BFB35025B18165007F0B9D /* LoadingButtonView.swift */; };
		B3CE27A025A8AED300C5E0A9 /* TripStoryApp.swift in Sources */ = {isa = PBXBuildFile; fileRef = B3CE279F25A8AED300C5E0A9 /* TripStoryApp.swift */; };
		B3CE27A225A8AED300C5E0A9 /* ContentView.swift in Sources */ = {isa = PBXBuildFile; fileRef = B3CE27A125A8AED300C5E0A9 /* ContentView.swift */; };
		B3CE27A425A8AED600C5E0A9 /* Assets.xcassets in Resources */ = {isa = PBXBuildFile; fileRef = B3CE27A325A8AED600C5E0A9 /* Assets.xcassets */; };
		B3CE27A725A8AED600C5E0A9 /* Preview Assets.xcassets in Resources */ = {isa = PBXBuildFile; fileRef = B3CE27A625A8AED600C5E0A9 /* Preview Assets.xcassets */; };
		B3CE27EF25A8B99A00C5E0A9 /* Localizable.strings in Resources */ = {isa = PBXBuildFile; fileRef = B3CE27F125A8B99A00C5E0A9 /* Localizable.strings */; };
		B3CE27F925A946EC00C5E0A9 /* AppState.swift in Sources */ = {isa = PBXBuildFile; fileRef = B3CE27F825A946EC00C5E0A9 /* AppState.swift */; };
		B3CE27FE25A9474F00C5E0A9 /* DependencyInjector.swift in Sources */ = {isa = PBXBuildFile; fileRef = B3CE27FD25A9474F00C5E0A9 /* DependencyInjector.swift */; };
		B3CE281B25A9A89500C5E0A9 /* UnitTests.swift in Sources */ = {isa = PBXBuildFile; fileRef = B3CE281A25A9A89500C5E0A9 /* UnitTests.swift */; };
		B3CE283025A9A9FB00C5E0A9 /* ContentViewTests.swift in Sources */ = {isa = PBXBuildFile; fileRef = B3CE282F25A9A9FB00C5E0A9 /* ContentViewTests.swift */; };
		B3CE283E25A9BE5700C5E0A9 /* Store.swift in Sources */ = {isa = PBXBuildFile; fileRef = B3CE283D25A9BE5700C5E0A9 /* Store.swift */; };
		B3CE284925A9CB8600C5E0A9 /* AppEnvironment.swift in Sources */ = {isa = PBXBuildFile; fileRef = B3CE284825A9CB8600C5E0A9 /* AppEnvironment.swift */; };
		B3CE284D25A9D09700C5E0A9 /* AuthenticationService.swift in Sources */ = {isa = PBXBuildFile; fileRef = B3CE284C25A9D09700C5E0A9 /* AuthenticationService.swift */; };
		B3F8D1BC25AD4D320039D9D8 /* ViewInspector in Frameworks */ = {isa = PBXBuildFile; productRef = B3F8D1BB25AD4D320039D9D8 /* ViewInspector */; };
/* End PBXBuildFile section */

/* Begin PBXContainerItemProxy section */
		B3CE281D25A9A89500C5E0A9 /* PBXContainerItemProxy */ = {
			isa = PBXContainerItemProxy;
			containerPortal = B3CE279425A8AED300C5E0A9 /* Project object */;
			proxyType = 1;
			remoteGlobalIDString = B3CE279B25A8AED300C5E0A9;
			remoteInfo = TripStory;
		};
/* End PBXContainerItemProxy section */

/* Begin PBXFileReference section */
		5ACDE4E35D41917C3A54C836 /* Pods_TripStory.framework */ = {isa = PBXFileReference; explicitFileType = wrapper.framework; includeInIndex = 0; path = Pods_TripStory.framework; sourceTree = BUILT_PRODUCTS_DIR; };
		721993A5007FB602A042D5A4 /* Pods-TripStory.release.xcconfig */ = {isa = PBXFileReference; includeInIndex = 1; lastKnownFileType = text.xcconfig; name = "Pods-TripStory.release.xcconfig"; path = "Target Support Files/Pods-TripStory/Pods-TripStory.release.xcconfig"; sourceTree = "<group>"; };
		81C8028902E4DEC15D6C888B /* Pods-TripStory.debug.xcconfig */ = {isa = PBXFileReference; includeInIndex = 1; lastKnownFileType = text.xcconfig; name = "Pods-TripStory.debug.xcconfig"; path = "Target Support Files/Pods-TripStory/Pods-TripStory.debug.xcconfig"; sourceTree = "<group>"; };
		B300010625B8060F001C46F7 /* WebRepository.swift */ = {isa = PBXFileReference; lastKnownFileType = sourcecode.swift; path = WebRepository.swift; sourceTree = "<group>"; };
		B300010A25B80663001C46F7 /* APICall.swift */ = {isa = PBXFileReference; lastKnownFileType = sourcecode.swift; path = APICall.swift; sourceTree = "<group>"; };
		B300010E25B80DF0001C46F7 /* DefaultAuthenticationRepository.swift */ = {isa = PBXFileReference; lastKnownFileType = sourcecode.swift; path = DefaultAuthenticationRepository.swift; sourceTree = "<group>"; };
		B306CC4F25AE8907007D99AD /* FindPasswordView.swift */ = {isa = PBXFileReference; lastKnownFileType = sourcecode.swift; path = FindPasswordView.swift; sourceTree = "<group>"; };
		B306CC5625AEB094007D99AD /* AuthenticationRepository.swift */ = {isa = PBXFileReference; lastKnownFileType = sourcecode.swift; path = AuthenticationRepository.swift; sourceTree = "<group>"; };
		B306CC7125B03058007D99AD /* Helpers.swift */ = {isa = PBXFileReference; lastKnownFileType = sourcecode.swift; path = Helpers.swift; sourceTree = "<group>"; };
		B3247D3F25A9FEA70002A7EA /* Launch Screen.storyboard */ = {isa = PBXFileReference; lastKnownFileType = file.storyboard; path = "Launch Screen.storyboard"; sourceTree = "<group>"; };
		B3247D4325AA00290002A7EA /* logo.png */ = {isa = PBXFileReference; lastKnownFileType = image.png; path = logo.png; sourceTree = "<group>"; };
		B3247D4B25AA08750002A7EA /* ErrorView.swift */ = {isa = PBXFileReference; lastKnownFileType = sourcecode.swift; path = ErrorView.swift; sourceTree = "<group>"; };
		B3247D4F25AA0C130002A7EA /* MainView.swift */ = {isa = PBXFileReference; lastKnownFileType = sourcecode.swift; path = MainView.swift; sourceTree = "<group>"; };
		B3247D5325AA17070002A7EA /* StartView.swift */ = {isa = PBXFileReference; lastKnownFileType = sourcecode.swift; path = StartView.swift; sourceTree = "<group>"; };
		B3247D5725AA1EDF0002A7EA /* CancelBag.swift */ = {isa = PBXFileReference; lastKnownFileType = sourcecode.swift; path = CancelBag.swift; sourceTree = "<group>"; };
		B3247D5B25AA28BC0002A7EA /* RootViewModifier.swift */ = {isa = PBXFileReference; lastKnownFileType = sourcecode.swift; path = RootViewModifier.swift; sourceTree = "<group>"; };
		B3247D7325AA3A9C0002A7EA /* Colors.swift */ = {isa = PBXFileReference; lastKnownFileType = sourcecode.swift; path = Colors.swift; sourceTree = "<group>"; };
		B3247D7925AA3B1E0002A7EA /* Colors.xcassets */ = {isa = PBXFileReference; lastKnownFileType = folder.assetcatalog; path = Colors.xcassets; sourceTree = "<group>"; };
		B3283FDD25ABF9FD00392CCA /* SystemEventsHandler.swift */ = {isa = PBXFileReference; lastKnownFileType = sourcecode.swift; path = SystemEventsHandler.swift; sourceTree = "<group>"; };
		B3283FE325AC13F100392CCA /* DeepLinksHandler.swift */ = {isa = PBXFileReference; lastKnownFileType = sourcecode.swift; path = DeepLinksHandler.swift; sourceTree = "<group>"; };
		B3283FE725AC2DD100392CCA /* PushNotificationsHandler.swift */ = {isa = PBXFileReference; lastKnownFileType = sourcecode.swift; path = PushNotificationsHandler.swift; sourceTree = "<group>"; };
		B3283FEB25AC388600392CCA /* LoginView.swift */ = {isa = PBXFileReference; lastKnownFileType = sourcecode.swift; path = LoginView.swift; sourceTree = "<group>"; };
		B3283FF525AC394E00392CCA /* SignUpView.swift */ = {isa = PBXFileReference; lastKnownFileType = sourcecode.swift; path = SignUpView.swift; sourceTree = "<group>"; };
		B32EE28B25B9464000B5473D /* LogoutInteractor.swift */ = {isa = PBXFileReference; lastKnownFileType = sourcecode.swift; path = LogoutInteractor.swift; sourceTree = "<group>"; };
		B32EE29025B957EE00B5473D /* HomeView.swift */ = {isa = PBXFileReference; lastKnownFileType = sourcecode.swift; path = HomeView.swift; sourceTree = "<group>"; };
		B32EE29425B957FF00B5473D /* ScheduleView.swift */ = {isa = PBXFileReference; lastKnownFileType = sourcecode.swift; path = ScheduleView.swift; sourceTree = "<group>"; };
		B32EE29825B9581000B5473D /* MapView.swift */ = {isa = PBXFileReference; lastKnownFileType = sourcecode.swift; path = MapView.swift; sourceTree = "<group>"; };
		B32EE29C25B9582000B5473D /* MessageView.swift */ = {isa = PBXFileReference; lastKnownFileType = sourcecode.swift; path = MessageView.swift; sourceTree = "<group>"; };
		B32EE2A025B9583100B5473D /* SettingsView.swift */ = {isa = PBXFileReference; lastKnownFileType = sourcecode.swift; path = SettingsView.swift; sourceTree = "<group>"; };
		B34107E525C0E9B200885B04 /* GoogleService-Info.plist */ = {isa = PBXFileReference; fileEncoding = 4; lastKnownFileType = text.plist.xml; path = "GoogleService-Info.plist"; sourceTree = "<group>"; };
		B34E4DA625C5B1AD00D58CA7 /* ImageInteractor.swift */ = {isa = PBXFileReference; lastKnownFileType = sourcecode.swift; path = ImageInteractor.swift; sourceTree = "<group>"; };
		B34E4DAA25C5B42500D58CA7 /* ImageRepository.swift */ = {isa = PBXFileReference; lastKnownFileType = sourcecode.swift; path = ImageRepository.swift; sourceTree = "<group>"; };
		B34E4DBE25C61A5C00D58CA7 /* Loadable.swift */ = {isa = PBXFileReference; lastKnownFileType = sourcecode.swift; path = Loadable.swift; sourceTree = "<group>"; };
		B34E4DD025C625C000D58CA7 /* ImageView.swift */ = {isa = PBXFileReference; lastKnownFileType = sourcecode.swift; path = ImageView.swift; sourceTree = "<group>"; };
		B365C20225AC4F830095C52F /* NavigationBarModifier.swift */ = {isa = PBXFileReference; lastKnownFileType = sourcecode.swift; path = NavigationBarModifier.swift; sourceTree = "<group>"; };
		B365C20925AC7C2B0095C52F /* Fonts.swift */ = {isa = PBXFileReference; lastKnownFileType = sourcecode.swift; path = Fonts.swift; sourceTree = "<group>"; };
		B365C22925AC8B160095C52F /* NanumSquareExtraBold.ttf */ = {isa = PBXFileReference; lastKnownFileType = file; path = NanumSquareExtraBold.ttf; sourceTree = "<group>"; };
		B365C22A25AC8B160095C52F /* NanumSquareBold.ttf */ = {isa = PBXFileReference; lastKnownFileType = file; path = NanumSquareBold.ttf; sourceTree = "<group>"; };
		B365C22B25AC8B170095C52F /* NanumSquareLight.ttf */ = {isa = PBXFileReference; lastKnownFileType = file; path = NanumSquareLight.ttf; sourceTree = "<group>"; };
		B365C22C25AC8B170095C52F /* NanumSquareRegular.ttf */ = {isa = PBXFileReference; lastKnownFileType = file; path = NanumSquareRegular.ttf; sourceTree = "<group>"; };
		B376643F25B4092200FE6A08 /* LoginInteractor.swift */ = {isa = PBXFileReference; lastKnownFileType = sourcecode.swift; path = LoginInteractor.swift; sourceTree = "<group>"; };
		B376644325B40B7B00FE6A08 /* SignupInteractor.swift */ = {isa = PBXFileReference; lastKnownFileType = sourcecode.swift; path = SignupInteractor.swift; sourceTree = "<group>"; };
		B376644B25B4134B00FE6A08 /* States.swift */ = {isa = PBXFileReference; lastKnownFileType = sourcecode.swift; path = States.swift; sourceTree = "<group>"; };
		B37DAC2E25AD5C2E007855E6 /* StyleGuides.swift */ = {isa = PBXFileReference; lastKnownFileType = sourcecode.swift; path = StyleGuides.swift; sourceTree = "<group>"; };
		B37DAC3225AD792A007855E6 /* TextFieldModifiers.swift */ = {isa = PBXFileReference; lastKnownFileType = sourcecode.swift; path = TextFieldModifiers.swift; sourceTree = "<group>"; };
		B37DAC3625AD81A0007855E6 /* ButtonModifiers.swift */ = {isa = PBXFileReference; lastKnownFileType = sourcecode.swift; path = ButtonModifiers.swift; sourceTree = "<group>"; };
		B37DAC3C25AD886B007855E6 /* Errors.swift */ = {isa = PBXFileReference; lastKnownFileType = sourcecode.swift; path = Errors.swift; sourceTree = "<group>"; };
		B38A206425C2FE3800A64D4C /* CustomTabView.swift */ = {isa = PBXFileReference; lastKnownFileType = sourcecode.swift; path = CustomTabView.swift; sourceTree = "<group>"; };
		B39ADF0925C5972000573AB7 /* CornerRadius.swift */ = {isa = PBXFileReference; lastKnownFileType = sourcecode.swift; path = CornerRadius.swift; sourceTree = "<group>"; };
		B3BFB35025B18165007F0B9D /* LoadingButtonView.swift */ = {isa = PBXFileReference; lastKnownFileType = sourcecode.swift; path = LoadingButtonView.swift; sourceTree = "<group>"; };
		B3CE279C25A8AED300C5E0A9 /* TripStory.app */ = {isa = PBXFileReference; explicitFileType = wrapper.application; includeInIndex = 0; path = TripStory.app; sourceTree = BUILT_PRODUCTS_DIR; };
		B3CE279F25A8AED300C5E0A9 /* TripStoryApp.swift */ = {isa = PBXFileReference; lastKnownFileType = sourcecode.swift; path = TripStoryApp.swift; sourceTree = "<group>"; };
		B3CE27A125A8AED300C5E0A9 /* ContentView.swift */ = {isa = PBXFileReference; lastKnownFileType = sourcecode.swift; path = ContentView.swift; sourceTree = "<group>"; };
		B3CE27A325A8AED600C5E0A9 /* Assets.xcassets */ = {isa = PBXFileReference; lastKnownFileType = folder.assetcatalog; path = Assets.xcassets; sourceTree = "<group>"; };
		B3CE27A625A8AED600C5E0A9 /* Preview Assets.xcassets */ = {isa = PBXFileReference; lastKnownFileType = folder.assetcatalog; path = "Preview Assets.xcassets"; sourceTree = "<group>"; };
		B3CE27A825A8AED600C5E0A9 /* Info.plist */ = {isa = PBXFileReference; lastKnownFileType = text.plist.xml; path = Info.plist; sourceTree = "<group>"; };
		B3CE27F225A8B99C00C5E0A9 /* ko */ = {isa = PBXFileReference; lastKnownFileType = text.plist.strings; name = ko; path = ko.lproj/Localizable.strings; sourceTree = "<group>"; };
		B3CE27F325A8BB1400C5E0A9 /* en */ = {isa = PBXFileReference; lastKnownFileType = text.plist.strings; name = en; path = en.lproj/Localizable.strings; sourceTree = "<group>"; };
		B3CE27F825A946EC00C5E0A9 /* AppState.swift */ = {isa = PBXFileReference; lastKnownFileType = sourcecode.swift; path = AppState.swift; sourceTree = "<group>"; };
		B3CE27FD25A9474F00C5E0A9 /* DependencyInjector.swift */ = {isa = PBXFileReference; lastKnownFileType = sourcecode.swift; path = DependencyInjector.swift; sourceTree = "<group>"; };
		B3CE281825A9A89500C5E0A9 /* UnitTests.xctest */ = {isa = PBXFileReference; explicitFileType = wrapper.cfbundle; includeInIndex = 0; path = UnitTests.xctest; sourceTree = BUILT_PRODUCTS_DIR; };
		B3CE281A25A9A89500C5E0A9 /* UnitTests.swift */ = {isa = PBXFileReference; lastKnownFileType = sourcecode.swift; path = UnitTests.swift; sourceTree = "<group>"; };
		B3CE281C25A9A89500C5E0A9 /* Info.plist */ = {isa = PBXFileReference; lastKnownFileType = text.plist.xml; path = Info.plist; sourceTree = "<group>"; };
		B3CE282F25A9A9FB00C5E0A9 /* ContentViewTests.swift */ = {isa = PBXFileReference; lastKnownFileType = sourcecode.swift; path = ContentViewTests.swift; sourceTree = "<group>"; };
		B3CE283D25A9BE5700C5E0A9 /* Store.swift */ = {isa = PBXFileReference; lastKnownFileType = sourcecode.swift; path = Store.swift; sourceTree = "<group>"; };
		B3CE284825A9CB8600C5E0A9 /* AppEnvironment.swift */ = {isa = PBXFileReference; lastKnownFileType = sourcecode.swift; path = AppEnvironment.swift; sourceTree = "<group>"; };
		B3CE284C25A9D09700C5E0A9 /* AuthenticationService.swift */ = {isa = PBXFileReference; lastKnownFileType = sourcecode.swift; path = AuthenticationService.swift; sourceTree = "<group>"; };
/* End PBXFileReference section */

/* Begin PBXFrameworksBuildPhase section */
		B3CE279925A8AED300C5E0A9 /* Frameworks */ = {
			isa = PBXFrameworksBuildPhase;
			buildActionMask = 2147483647;
			files = (
				B32EE28825B916AA00B5473D /* KeychainAccess in Frameworks */,
				B3247D3C25A9FE340002A7EA /* EnvironmentOverrides in Frameworks */,
				131FF1703CFAA8851E54DA8E /* Pods_TripStory.framework in Frameworks */,
			);
			runOnlyForDeploymentPostprocessing = 0;
		};
		B3CE281525A9A89500C5E0A9 /* Frameworks */ = {
			isa = PBXFrameworksBuildPhase;
			buildActionMask = 2147483647;
			files = (
				B3F8D1BC25AD4D320039D9D8 /* ViewInspector in Frameworks */,
			);
			runOnlyForDeploymentPostprocessing = 0;
		};
/* End PBXFrameworksBuildPhase section */

/* Begin PBXGroup section */
		93834E81902ACCA371FD89CB /* Pods */ = {
			isa = PBXGroup;
			children = (
				81C8028902E4DEC15D6C888B /* Pods-TripStory.debug.xcconfig */,
				721993A5007FB602A042D5A4 /* Pods-TripStory.release.xcconfig */,
			);
			path = Pods;
			sourceTree = "<group>";
		};
		B300010425B805F5001C46F7 /* Repositories */ = {
			isa = PBXGroup;
			children = (
				B300010E25B80DF0001C46F7 /* DefaultAuthenticationRepository.swift */,
			);
			path = Repositories;
			sourceTree = "<group>";
		};
		B300010525B805FD001C46F7 /* Utilities */ = {
			isa = PBXGroup;
			children = (
				B300010625B8060F001C46F7 /* WebRepository.swift */,
				B300010A25B80663001C46F7 /* APICall.swift */,
			);
			path = Utilities;
			sourceTree = "<group>";
		};
		B306CC4D25AE88C7007D99AD /* FindPasswordView */ = {
			isa = PBXGroup;
			children = (
				B306CC4F25AE8907007D99AD /* FindPasswordView.swift */,
			);
			path = FindPasswordView;
			sourceTree = "<group>";
		};
		B306CC5525AEB072007D99AD /* Repositories */ = {
			isa = PBXGroup;
			children = (
				B306CC5625AEB094007D99AD /* AuthenticationRepository.swift */,
				B34E4DAA25C5B42500D58CA7 /* ImageRepository.swift */,
			);
			path = Repositories;
			sourceTree = "<group>";
		};
		B3247D3A25A9FE340002A7EA /* Frameworks */ = {
			isa = PBXGroup;
			children = (
				5ACDE4E35D41917C3A54C836 /* Pods_TripStory.framework */,
			);
			name = Frameworks;
			sourceTree = "<group>";
		};
		B3247D4A25AA084F0002A7EA /* Components */ = {
			isa = PBXGroup;
			children = (
				B3247D4B25AA08750002A7EA /* ErrorView.swift */,
				B3BFB35025B18165007F0B9D /* LoadingButtonView.swift */,
				B38A206425C2FE3800A64D4C /* CustomTabView.swift */,
				B34E4DD025C625C000D58CA7 /* ImageView.swift */,
			);
			path = Components;
			sourceTree = "<group>";
		};
		B3247D7225AA3A870002A7EA /* Constants */ = {
			isa = PBXGroup;
			children = (
				B3247D7325AA3A9C0002A7EA /* Colors.swift */,
				B365C20925AC7C2B0095C52F /* Fonts.swift */,
				B37DAC2E25AD5C2E007855E6 /* StyleGuides.swift */,
			);
			path = Constants;
			sourceTree = "<group>";
		};
		B3283FEF25AC38C100392CCA /* Views */ = {
			isa = PBXGroup;
			children = (
				B3CE27A125A8AED300C5E0A9 /* ContentView.swift */,
				B3283FF125AC38E100392CCA /* MainView */,
				B3283FF025AC38D200392CCA /* StartView */,
			);
			path = Views;
			sourceTree = "<group>";
		};
		B3283FF025AC38D200392CCA /* StartView */ = {
			isa = PBXGroup;
			children = (
				B3247D5325AA17070002A7EA /* StartView.swift */,
				B3283FF225AC38F200392CCA /* LoginView */,
				B3283FF325AC392100392CCA /* SignUpView */,
			);
			path = StartView;
			sourceTree = "<group>";
		};
		B3283FF125AC38E100392CCA /* MainView */ = {
			isa = PBXGroup;
			children = (
				B32EE28F25B957CE00B5473D /* TabbedViews */,
				B3247D4F25AA0C130002A7EA /* MainView.swift */,
			);
			path = MainView;
			sourceTree = "<group>";
		};
		B3283FF225AC38F200392CCA /* LoginView */ = {
			isa = PBXGroup;
			children = (
				B306CC4D25AE88C7007D99AD /* FindPasswordView */,
				B3283FEB25AC388600392CCA /* LoginView.swift */,
			);
			path = LoginView;
			sourceTree = "<group>";
		};
		B3283FF325AC392100392CCA /* SignUpView */ = {
			isa = PBXGroup;
			children = (
				B3283FF525AC394E00392CCA /* SignUpView.swift */,
			);
			path = SignUpView;
			sourceTree = "<group>";
		};
		B32EE28F25B957CE00B5473D /* TabbedViews */ = {
			isa = PBXGroup;
			children = (
				B32EE29025B957EE00B5473D /* HomeView.swift */,
				B32EE29425B957FF00B5473D /* ScheduleView.swift */,
				B32EE29825B9581000B5473D /* MapView.swift */,
				B32EE29C25B9582000B5473D /* MessageView.swift */,
				B32EE2A025B9583100B5473D /* SettingsView.swift */,
			);
			path = TabbedViews;
			sourceTree = "<group>";
		};
		B365C20125AC4F5E0095C52F /* ViewModifiers */ = {
			isa = PBXGroup;
			children = (
				B3247D5B25AA28BC0002A7EA /* RootViewModifier.swift */,
				B365C20225AC4F830095C52F /* NavigationBarModifier.swift */,
				B37DAC3225AD792A007855E6 /* TextFieldModifiers.swift */,
				B37DAC3625AD81A0007855E6 /* ButtonModifiers.swift */,
				B39ADF0925C5972000573AB7 /* CornerRadius.swift */,
			);
			path = ViewModifiers;
			sourceTree = "<group>";
		};
		B365C21325AC888E0095C52F /* Fonts */ = {
			isa = PBXGroup;
			children = (
				B365C22A25AC8B160095C52F /* NanumSquareBold.ttf */,
				B365C22925AC8B160095C52F /* NanumSquareExtraBold.ttf */,
				B365C22B25AC8B170095C52F /* NanumSquareLight.ttf */,
				B365C22C25AC8B170095C52F /* NanumSquareRegular.ttf */,
			);
			path = Fonts;
			sourceTree = "<group>";
		};
		B376644725B40BA200FE6A08 /* Services */ = {
			isa = PBXGroup;
			children = (
				B3CE284C25A9D09700C5E0A9 /* AuthenticationService.swift */,
			);
			path = Services;
			sourceTree = "<group>";
		};
		B376644A25B4132B00FE6A08 /* Models */ = {
			isa = PBXGroup;
			children = (
				B37DAC3C25AD886B007855E6 /* Errors.swift */,
				B376644B25B4134B00FE6A08 /* States.swift */,
			);
			path = Models;
			sourceTree = "<group>";
		};
		B3CE279325A8AED300C5E0A9 = {
			isa = PBXGroup;
			children = (
				B3CE279E25A8AED300C5E0A9 /* TripStory */,
				B3CE281925A9A89500C5E0A9 /* UnitTests */,
				B3CE279D25A8AED300C5E0A9 /* Products */,
				B3247D3A25A9FE340002A7EA /* Frameworks */,
				93834E81902ACCA371FD89CB /* Pods */,
			);
			sourceTree = "<group>";
		};
		B3CE279D25A8AED300C5E0A9 /* Products */ = {
			isa = PBXGroup;
			children = (
				B3CE279C25A8AED300C5E0A9 /* TripStory.app */,
				B3CE281825A9A89500C5E0A9 /* UnitTests.xctest */,
			);
			name = Products;
			sourceTree = "<group>";
		};
		B3CE279E25A8AED300C5E0A9 /* TripStory */ = {
			isa = PBXGroup;
			children = (
				B34107E525C0E9B200885B04 /* GoogleService-Info.plist */,
				B3CE27CD25A8AEEA00C5E0A9 /* PD */,
				B3CE27CE25A8AEF000C5E0A9 /* DM */,
				B3CE27CF25A8AEF400C5E0A9 /* UI */,
			);
			path = TripStory;
			sourceTree = "<group>";
		};
		B3CE27A525A8AED600C5E0A9 /* Preview Content */ = {
			isa = PBXGroup;
			children = (
				B3CE27A625A8AED600C5E0A9 /* Preview Assets.xcassets */,
			);
			path = "Preview Content";
			sourceTree = "<group>";
		};
		B3CE27CD25A8AEEA00C5E0A9 /* PD */ = {
			isa = PBXGroup;
			children = (
				B3CE284525A9C8BC00C5E0A9 /* Interactors */,
				B376644725B40BA200FE6A08 /* Services */,
				B306CC5525AEB072007D99AD /* Repositories */,
				B376644A25B4132B00FE6A08 /* Models */,
				B3CE27F825A946EC00C5E0A9 /* AppState.swift */,
				B3CE283A25A9BE4300C5E0A9 /* Utilities */,
			);
			path = PD;
			sourceTree = "<group>";
		};
		B3CE27CE25A8AEF000C5E0A9 /* DM */ = {
			isa = PBXGroup;
			children = (
				B300010525B805FD001C46F7 /* Utilities */,
				B300010425B805F5001C46F7 /* Repositories */,
			);
			path = DM;
			sourceTree = "<group>";
		};
		B3CE27CF25A8AEF400C5E0A9 /* UI */ = {
			isa = PBXGroup;
			children = (
				B3CE27D025A8AEFD00C5E0A9 /* System */,
				B3CE27D125A8AF0A00C5E0A9 /* Resources */,
				B3CE27F725A946BD00C5E0A9 /* Injected */,
				B365C20125AC4F5E0095C52F /* ViewModifiers */,
				B3283FEF25AC38C100392CCA /* Views */,
				B3247D7225AA3A870002A7EA /* Constants */,
				B3247D4A25AA084F0002A7EA /* Components */,
			);
			path = UI;
			sourceTree = "<group>";
		};
		B3CE27D025A8AEFD00C5E0A9 /* System */ = {
			isa = PBXGroup;
			children = (
				B3CE279F25A8AED300C5E0A9 /* TripStoryApp.swift */,
				B3CE284825A9CB8600C5E0A9 /* AppEnvironment.swift */,
				B3283FDD25ABF9FD00392CCA /* SystemEventsHandler.swift */,
				B3283FE325AC13F100392CCA /* DeepLinksHandler.swift */,
				B3283FE725AC2DD100392CCA /* PushNotificationsHandler.swift */,
				B306CC7125B03058007D99AD /* Helpers.swift */,
			);
			path = System;
			sourceTree = "<group>";
		};
		B3CE27D125A8AF0A00C5E0A9 /* Resources */ = {
			isa = PBXGroup;
			children = (
				B365C21325AC888E0095C52F /* Fonts */,
				B3247D4325AA00290002A7EA /* logo.png */,
				B3CE27A525A8AED600C5E0A9 /* Preview Content */,
				B3CE27A825A8AED600C5E0A9 /* Info.plist */,
				B3CE27A325A8AED600C5E0A9 /* Assets.xcassets */,
				B3CE27F125A8B99A00C5E0A9 /* Localizable.strings */,
				B3247D3F25A9FEA70002A7EA /* Launch Screen.storyboard */,
				B3247D7925AA3B1E0002A7EA /* Colors.xcassets */,
			);
			path = Resources;
			sourceTree = "<group>";
		};
		B3CE27F725A946BD00C5E0A9 /* Injected */ = {
			isa = PBXGroup;
			children = (
				B3CE27FD25A9474F00C5E0A9 /* DependencyInjector.swift */,
			);
			path = Injected;
			sourceTree = "<group>";
		};
		B3CE281925A9A89500C5E0A9 /* UnitTests */ = {
			isa = PBXGroup;
			children = (
				B3CE282E25A9A9CF00C5E0A9 /* UI */,
				B3CE282925A9A95A00C5E0A9 /* Resources */,
				B3CE281A25A9A89500C5E0A9 /* UnitTests.swift */,
			);
			path = UnitTests;
			sourceTree = "<group>";
		};
		B3CE282925A9A95A00C5E0A9 /* Resources */ = {
			isa = PBXGroup;
			children = (
				B3CE281C25A9A89500C5E0A9 /* Info.plist */,
			);
			path = Resources;
			sourceTree = "<group>";
		};
		B3CE282E25A9A9CF00C5E0A9 /* UI */ = {
			isa = PBXGroup;
			children = (
				B3CE282F25A9A9FB00C5E0A9 /* ContentViewTests.swift */,
			);
			path = UI;
			sourceTree = "<group>";
		};
		B3CE283A25A9BE4300C5E0A9 /* Utilities */ = {
			isa = PBXGroup;
			children = (
				B3CE283D25A9BE5700C5E0A9 /* Store.swift */,
				B3247D5725AA1EDF0002A7EA /* CancelBag.swift */,
				B34E4DBE25C61A5C00D58CA7 /* Loadable.swift */,
			);
			path = Utilities;
			sourceTree = "<group>";
		};
		B3CE284525A9C8BC00C5E0A9 /* Interactors */ = {
			isa = PBXGroup;
			children = (
				B376643F25B4092200FE6A08 /* LoginInteractor.swift */,
				B376644325B40B7B00FE6A08 /* SignupInteractor.swift */,
				B32EE28B25B9464000B5473D /* LogoutInteractor.swift */,
				B34E4DA625C5B1AD00D58CA7 /* ImageInteractor.swift */,
			);
			path = Interactors;
			sourceTree = "<group>";
		};
/* End PBXGroup section */

/* Begin PBXNativeTarget section */
		B3CE279B25A8AED300C5E0A9 /* TripStory */ = {
			isa = PBXNativeTarget;
			buildConfigurationList = B3CE27C125A8AED700C5E0A9 /* Build configuration list for PBXNativeTarget "TripStory" */;
			buildPhases = (
				FA5D5861138F81C7D59D734E /* [CP] Check Pods Manifest.lock */,
				B306CC6425B02494007D99AD /* Run Swiftlint */,
				B3CE279825A8AED300C5E0A9 /* Sources */,
				B3CE279925A8AED300C5E0A9 /* Frameworks */,
				B3CE279A25A8AED300C5E0A9 /* Resources */,
				8E0A6E2FDD3DF0FCDC4FC448 /* [CP] Embed Pods Frameworks */,
			);
			buildRules = (
			);
			dependencies = (
			);
			name = TripStory;
			packageProductDependencies = (
				B3247D3B25A9FE340002A7EA /* EnvironmentOverrides */,
				B32EE28725B916AA00B5473D /* KeychainAccess */,
			);
			productName = TripStory;
			productReference = B3CE279C25A8AED300C5E0A9 /* TripStory.app */;
			productType = "com.apple.product-type.application";
		};
		B3CE281725A9A89500C5E0A9 /* UnitTests */ = {
			isa = PBXNativeTarget;
			buildConfigurationList = B3CE281F25A9A89500C5E0A9 /* Build configuration list for PBXNativeTarget "UnitTests" */;
			buildPhases = (
				B3CE281425A9A89500C5E0A9 /* Sources */,
				B3CE281525A9A89500C5E0A9 /* Frameworks */,
				B3CE281625A9A89500C5E0A9 /* Resources */,
			);
			buildRules = (
			);
			dependencies = (
				B3CE281E25A9A89500C5E0A9 /* PBXTargetDependency */,
			);
			name = UnitTests;
			packageProductDependencies = (
				B3F8D1BB25AD4D320039D9D8 /* ViewInspector */,
			);
			productName = UnitTests;
			productReference = B3CE281825A9A89500C5E0A9 /* UnitTests.xctest */;
			productType = "com.apple.product-type.bundle.unit-test";
		};
/* End PBXNativeTarget section */

/* Begin PBXProject section */
		B3CE279425A8AED300C5E0A9 /* Project object */ = {
			isa = PBXProject;
			attributes = {
				LastSwiftUpdateCheck = 1230;
				LastUpgradeCheck = 1230;
				TargetAttributes = {
					B3CE279B25A8AED300C5E0A9 = {
						CreatedOnToolsVersion = 12.3;
					};
					B3CE281725A9A89500C5E0A9 = {
						CreatedOnToolsVersion = 12.3;
						TestTargetID = B3CE279B25A8AED300C5E0A9;
					};
				};
			};
			buildConfigurationList = B3CE279725A8AED300C5E0A9 /* Build configuration list for PBXProject "TripStory" */;
			compatibilityVersion = "Xcode 9.3";
			developmentRegion = en;
			hasScannedForEncodings = 0;
			knownRegions = (
				en,
				ko,
				Base,
			);
			mainGroup = B3CE279325A8AED300C5E0A9;
			packageReferences = (
				B3CE283525A9AAF300C5E0A9 /* XCRemoteSwiftPackageReference "EnvironmentOverrides" */,
				B3F8D1BA25AD4D320039D9D8 /* XCRemoteSwiftPackageReference "ViewInspector" */,
				B32EE28625B916AA00B5473D /* XCRemoteSwiftPackageReference "KeychainAccess" */,
			);
			productRefGroup = B3CE279D25A8AED300C5E0A9 /* Products */;
			projectDirPath = "";
			projectRoot = "";
			targets = (
				B3CE279B25A8AED300C5E0A9 /* TripStory */,
				B3CE281725A9A89500C5E0A9 /* UnitTests */,
			);
		};
/* End PBXProject section */

/* Begin PBXResourcesBuildPhase section */
		B3CE279A25A8AED300C5E0A9 /* Resources */ = {
			isa = PBXResourcesBuildPhase;
			buildActionMask = 2147483647;
			files = (
				B365C23025AC8B170095C52F /* NanumSquareRegular.ttf in Resources */,
				B365C22F25AC8B170095C52F /* NanumSquareLight.ttf in Resources */,
				B365C22E25AC8B170095C52F /* NanumSquareBold.ttf in Resources */,
				B3CE27A725A8AED600C5E0A9 /* Preview Assets.xcassets in Resources */,
				B3CE27EF25A8B99A00C5E0A9 /* Localizable.strings in Resources */,
				B3247D4025A9FEA70002A7EA /* Launch Screen.storyboard in Resources */,
				B365C22D25AC8B170095C52F /* NanumSquareExtraBold.ttf in Resources */,
				B3247D7A25AA3B1E0002A7EA /* Colors.xcassets in Resources */,
				B34107E625C0E9B300885B04 /* GoogleService-Info.plist in Resources */,
				B3CE27A425A8AED600C5E0A9 /* Assets.xcassets in Resources */,
				B3247D4425AA00290002A7EA /* logo.png in Resources */,
			);
			runOnlyForDeploymentPostprocessing = 0;
		};
		B3CE281625A9A89500C5E0A9 /* Resources */ = {
			isa = PBXResourcesBuildPhase;
			buildActionMask = 2147483647;
			files = (
			);
			runOnlyForDeploymentPostprocessing = 0;
		};
/* End PBXResourcesBuildPhase section */

/* Begin PBXShellScriptBuildPhase section */
		8E0A6E2FDD3DF0FCDC4FC448 /* [CP] Embed Pods Frameworks */ = {
			isa = PBXShellScriptBuildPhase;
			buildActionMask = 2147483647;
			files = (
			);
			inputFileListPaths = (
				"${PODS_ROOT}/Target Support Files/Pods-TripStory/Pods-TripStory-frameworks-${CONFIGURATION}-input-files.xcfilelist",
			);
			name = "[CP] Embed Pods Frameworks";
			outputFileListPaths = (
				"${PODS_ROOT}/Target Support Files/Pods-TripStory/Pods-TripStory-frameworks-${CONFIGURATION}-output-files.xcfilelist",
			);
			runOnlyForDeploymentPostprocessing = 0;
			shellPath = /bin/sh;
			shellScript = "\"${PODS_ROOT}/Target Support Files/Pods-TripStory/Pods-TripStory-frameworks.sh\"\n";
			showEnvVarsInLog = 0;
		};
		B306CC6425B02494007D99AD /* Run Swiftlint */ = {
			isa = PBXShellScriptBuildPhase;
			buildActionMask = 2147483647;
			files = (
			);
			inputFileListPaths = (
			);
			inputPaths = (
			);
			name = "Run Swiftlint";
			outputFileListPaths = (
			);
			outputPaths = (
			);
			runOnlyForDeploymentPostprocessing = 0;
			shellPath = /bin/sh;
			shellScript = "if which swiftlint >/dev/null; then\n  swiftlint autocorrect && swiftlint --config \"${SRCROOT}/.swiftlint.yml\"\nelse\n  echo \"warning: SwiftLint not installed, download from https://github.com/realm/SwiftLint\"\nfi\n";
		};
		FA5D5861138F81C7D59D734E /* [CP] Check Pods Manifest.lock */ = {
			isa = PBXShellScriptBuildPhase;
			buildActionMask = 2147483647;
			files = (
			);
			inputFileListPaths = (
			);
			inputPaths = (
				"${PODS_PODFILE_DIR_PATH}/Podfile.lock",
				"${PODS_ROOT}/Manifest.lock",
			);
			name = "[CP] Check Pods Manifest.lock";
			outputFileListPaths = (
			);
			outputPaths = (
				"$(DERIVED_FILE_DIR)/Pods-TripStory-checkManifestLockResult.txt",
			);
			runOnlyForDeploymentPostprocessing = 0;
			shellPath = /bin/sh;
			shellScript = "diff \"${PODS_PODFILE_DIR_PATH}/Podfile.lock\" \"${PODS_ROOT}/Manifest.lock\" > /dev/null\nif [ $? != 0 ] ; then\n    # print error to STDERR\n    echo \"error: The sandbox is not in sync with the Podfile.lock. Run 'pod install' or update your CocoaPods installation.\" >&2\n    exit 1\nfi\n# This output is used by Xcode 'outputs' to avoid re-running this script phase.\necho \"SUCCESS\" > \"${SCRIPT_OUTPUT_FILE_0}\"\n";
			showEnvVarsInLog = 0;
		};
/* End PBXShellScriptBuildPhase section */

/* Begin PBXSourcesBuildPhase section */
		B3CE279825A8AED300C5E0A9 /* Sources */ = {
			isa = PBXSourcesBuildPhase;
			buildActionMask = 2147483647;
			files = (
				B34E4DA725C5B1AD00D58CA7 /* ImageInteractor.swift in Sources */,
				B3CE284925A9CB8600C5E0A9 /* AppEnvironment.swift in Sources */,
				B3283FE825AC2DD100392CCA /* PushNotificationsHandler.swift in Sources */,
				B3CE283E25A9BE5700C5E0A9 /* Store.swift in Sources */,
				B3247D5425AA17070002A7EA /* StartView.swift in Sources */,
				B3CE27FE25A9474F00C5E0A9 /* DependencyInjector.swift in Sources */,
				B3247D4C25AA08750002A7EA /* ErrorView.swift in Sources */,
				B34E4DAB25C5B42500D58CA7 /* ImageRepository.swift in Sources */,
				B365C20A25AC7C2B0095C52F /* Fonts.swift in Sources */,
				B376644025B4092200FE6A08 /* LoginInteractor.swift in Sources */,
				B37DAC2F25AD5C2E007855E6 /* StyleGuides.swift in Sources */,
				B32EE29125B957EE00B5473D /* HomeView.swift in Sources */,
				B34E4DD125C625C000D58CA7 /* ImageView.swift in Sources */,
				B365C20325AC4F830095C52F /* NavigationBarModifier.swift in Sources */,
				B3247D5C25AA28BC0002A7EA /* RootViewModifier.swift in Sources */,
				B306CC5025AE8907007D99AD /* FindPasswordView.swift in Sources */,
				B300010725B8060F001C46F7 /* WebRepository.swift in Sources */,
				B306CC5725AEB094007D99AD /* AuthenticationRepository.swift in Sources */,
				B32EE29925B9581000B5473D /* MapView.swift in Sources */,
				B300010B25B80663001C46F7 /* APICall.swift in Sources */,
				B3247D5825AA1EDF0002A7EA /* CancelBag.swift in Sources */,
				B32EE29D25B9582000B5473D /* MessageView.swift in Sources */,
				B39ADF0A25C5972000573AB7 /* CornerRadius.swift in Sources */,
				B376644425B40B7B00FE6A08 /* SignupInteractor.swift in Sources */,
				B3283FE425AC13F100392CCA /* DeepLinksHandler.swift in Sources */,
				B306CC7225B03058007D99AD /* Helpers.swift in Sources */,
				B300010F25B80DF0001C46F7 /* DefaultAuthenticationRepository.swift in Sources */,
				B3BFB35125B18165007F0B9D /* LoadingButtonView.swift in Sources */,
				B37DAC3725AD81A0007855E6 /* ButtonModifiers.swift in Sources */,
				B32EE2A125B9583100B5473D /* SettingsView.swift in Sources */,
				B34E4DBF25C61A5C00D58CA7 /* Loadable.swift in Sources */,
				B3CE284D25A9D09700C5E0A9 /* AuthenticationService.swift in Sources */,
				B38A206525C2FE3800A64D4C /* CustomTabView.swift in Sources */,
				B32EE28C25B9464000B5473D /* LogoutInteractor.swift in Sources */,
				B3247D7425AA3A9C0002A7EA /* Colors.swift in Sources */,
				B3247D5025AA0C130002A7EA /* MainView.swift in Sources */,
				B3283FDE25ABF9FD00392CCA /* SystemEventsHandler.swift in Sources */,
				B37DAC3325AD792A007855E6 /* TextFieldModifiers.swift in Sources */,
				B32EE29525B957FF00B5473D /* ScheduleView.swift in Sources */,
				B37DAC3D25AD886B007855E6 /* Errors.swift in Sources */,
				B3CE27F925A946EC00C5E0A9 /* AppState.swift in Sources */,
				B376644C25B4134B00FE6A08 /* States.swift in Sources */,
				B3283FF625AC394E00392CCA /* SignUpView.swift in Sources */,
				B3283FEC25AC388600392CCA /* LoginView.swift in Sources */,
				B3CE27A225A8AED300C5E0A9 /* ContentView.swift in Sources */,
				B3CE27A025A8AED300C5E0A9 /* TripStoryApp.swift in Sources */,
			);
			runOnlyForDeploymentPostprocessing = 0;
		};
		B3CE281425A9A89500C5E0A9 /* Sources */ = {
			isa = PBXSourcesBuildPhase;
			buildActionMask = 2147483647;
			files = (
				B3CE283025A9A9FB00C5E0A9 /* ContentViewTests.swift in Sources */,
				B3CE281B25A9A89500C5E0A9 /* UnitTests.swift in Sources */,
			);
			runOnlyForDeploymentPostprocessing = 0;
		};
/* End PBXSourcesBuildPhase section */

/* Begin PBXTargetDependency section */
		B3CE281E25A9A89500C5E0A9 /* PBXTargetDependency */ = {
			isa = PBXTargetDependency;
			target = B3CE279B25A8AED300C5E0A9 /* TripStory */;
			targetProxy = B3CE281D25A9A89500C5E0A9 /* PBXContainerItemProxy */;
		};
/* End PBXTargetDependency section */

/* Begin PBXVariantGroup section */
		B3CE27F125A8B99A00C5E0A9 /* Localizable.strings */ = {
			isa = PBXVariantGroup;
			children = (
				B3CE27F225A8B99C00C5E0A9 /* ko */,
				B3CE27F325A8BB1400C5E0A9 /* en */,
			);
			name = Localizable.strings;
			sourceTree = "<group>";
		};
/* End PBXVariantGroup section */

/* Begin XCBuildConfiguration section */
		B3CE27BF25A8AED700C5E0A9 /* Debug */ = {
			isa = XCBuildConfiguration;
			buildSettings = {
				ALWAYS_SEARCH_USER_PATHS = NO;
				CLANG_ANALYZER_LOCALIZABILITY_NONLOCALIZED = YES;
				CLANG_ANALYZER_NONNULL = YES;
				CLANG_ANALYZER_NUMBER_OBJECT_CONVERSION = YES_AGGRESSIVE;
				CLANG_CXX_LANGUAGE_STANDARD = "gnu++14";
				CLANG_CXX_LIBRARY = "libc++";
				CLANG_ENABLE_MODULES = YES;
				CLANG_ENABLE_OBJC_ARC = YES;
				CLANG_ENABLE_OBJC_WEAK = YES;
				CLANG_WARN_BLOCK_CAPTURE_AUTORELEASING = YES;
				CLANG_WARN_BOOL_CONVERSION = YES;
				CLANG_WARN_COMMA = YES;
				CLANG_WARN_CONSTANT_CONVERSION = YES;
				CLANG_WARN_DEPRECATED_OBJC_IMPLEMENTATIONS = YES;
				CLANG_WARN_DIRECT_OBJC_ISA_USAGE = YES_ERROR;
				CLANG_WARN_DOCUMENTATION_COMMENTS = YES;
				CLANG_WARN_EMPTY_BODY = YES;
				CLANG_WARN_ENUM_CONVERSION = YES;
				CLANG_WARN_INFINITE_RECURSION = YES;
				CLANG_WARN_INT_CONVERSION = YES;
				CLANG_WARN_NON_LITERAL_NULL_CONVERSION = YES;
				CLANG_WARN_OBJC_IMPLICIT_RETAIN_SELF = YES;
				CLANG_WARN_OBJC_LITERAL_CONVERSION = YES;
				CLANG_WARN_OBJC_ROOT_CLASS = YES_ERROR;
				CLANG_WARN_QUOTED_INCLUDE_IN_FRAMEWORK_HEADER = YES;
				CLANG_WARN_RANGE_LOOP_ANALYSIS = YES;
				CLANG_WARN_STRICT_PROTOTYPES = YES;
				CLANG_WARN_SUSPICIOUS_MOVE = YES;
				CLANG_WARN_UNGUARDED_AVAILABILITY = YES_AGGRESSIVE;
				CLANG_WARN_UNREACHABLE_CODE = YES;
				CLANG_WARN__DUPLICATE_METHOD_MATCH = YES;
				COPY_PHASE_STRIP = NO;
				DEBUG_INFORMATION_FORMAT = dwarf;
				ENABLE_STRICT_OBJC_MSGSEND = YES;
				ENABLE_TESTABILITY = YES;
				GCC_C_LANGUAGE_STANDARD = gnu11;
				GCC_DYNAMIC_NO_PIC = NO;
				GCC_NO_COMMON_BLOCKS = YES;
				GCC_OPTIMIZATION_LEVEL = 0;
				GCC_PREPROCESSOR_DEFINITIONS = (
					"DEBUG=1",
					"$(inherited)",
				);
				GCC_WARN_64_TO_32_BIT_CONVERSION = YES;
				GCC_WARN_ABOUT_RETURN_TYPE = YES_ERROR;
				GCC_WARN_UNDECLARED_SELECTOR = YES;
				GCC_WARN_UNINITIALIZED_AUTOS = YES_AGGRESSIVE;
				GCC_WARN_UNUSED_FUNCTION = YES;
				GCC_WARN_UNUSED_VARIABLE = YES;
				INFOPLIST_FILE = "";
				IPHONEOS_DEPLOYMENT_TARGET = 14.3;
				MTL_ENABLE_DEBUG_INFO = INCLUDE_SOURCE;
				MTL_FAST_MATH = YES;
				ONLY_ACTIVE_ARCH = YES;
				SDKROOT = iphoneos;
				SWIFT_ACTIVE_COMPILATION_CONDITIONS = DEBUG;
				SWIFT_OPTIMIZATION_LEVEL = "-Onone";
			};
			name = Debug;
		};
		B3CE27C025A8AED700C5E0A9 /* Release */ = {
			isa = XCBuildConfiguration;
			buildSettings = {
				ALWAYS_SEARCH_USER_PATHS = NO;
				CLANG_ANALYZER_LOCALIZABILITY_NONLOCALIZED = YES;
				CLANG_ANALYZER_NONNULL = YES;
				CLANG_ANALYZER_NUMBER_OBJECT_CONVERSION = YES_AGGRESSIVE;
				CLANG_CXX_LANGUAGE_STANDARD = "gnu++14";
				CLANG_CXX_LIBRARY = "libc++";
				CLANG_ENABLE_MODULES = YES;
				CLANG_ENABLE_OBJC_ARC = YES;
				CLANG_ENABLE_OBJC_WEAK = YES;
				CLANG_WARN_BLOCK_CAPTURE_AUTORELEASING = YES;
				CLANG_WARN_BOOL_CONVERSION = YES;
				CLANG_WARN_COMMA = YES;
				CLANG_WARN_CONSTANT_CONVERSION = YES;
				CLANG_WARN_DEPRECATED_OBJC_IMPLEMENTATIONS = YES;
				CLANG_WARN_DIRECT_OBJC_ISA_USAGE = YES_ERROR;
				CLANG_WARN_DOCUMENTATION_COMMENTS = YES;
				CLANG_WARN_EMPTY_BODY = YES;
				CLANG_WARN_ENUM_CONVERSION = YES;
				CLANG_WARN_INFINITE_RECURSION = YES;
				CLANG_WARN_INT_CONVERSION = YES;
				CLANG_WARN_NON_LITERAL_NULL_CONVERSION = YES;
				CLANG_WARN_OBJC_IMPLICIT_RETAIN_SELF = YES;
				CLANG_WARN_OBJC_LITERAL_CONVERSION = YES;
				CLANG_WARN_OBJC_ROOT_CLASS = YES_ERROR;
				CLANG_WARN_QUOTED_INCLUDE_IN_FRAMEWORK_HEADER = YES;
				CLANG_WARN_RANGE_LOOP_ANALYSIS = YES;
				CLANG_WARN_STRICT_PROTOTYPES = YES;
				CLANG_WARN_SUSPICIOUS_MOVE = YES;
				CLANG_WARN_UNGUARDED_AVAILABILITY = YES_AGGRESSIVE;
				CLANG_WARN_UNREACHABLE_CODE = YES;
				CLANG_WARN__DUPLICATE_METHOD_MATCH = YES;
				COPY_PHASE_STRIP = NO;
				DEBUG_INFORMATION_FORMAT = "dwarf-with-dsym";
				ENABLE_NS_ASSERTIONS = NO;
				ENABLE_STRICT_OBJC_MSGSEND = YES;
				GCC_C_LANGUAGE_STANDARD = gnu11;
				GCC_NO_COMMON_BLOCKS = YES;
				GCC_WARN_64_TO_32_BIT_CONVERSION = YES;
				GCC_WARN_ABOUT_RETURN_TYPE = YES_ERROR;
				GCC_WARN_UNDECLARED_SELECTOR = YES;
				GCC_WARN_UNINITIALIZED_AUTOS = YES_AGGRESSIVE;
				GCC_WARN_UNUSED_FUNCTION = YES;
				GCC_WARN_UNUSED_VARIABLE = YES;
				INFOPLIST_FILE = "";
				IPHONEOS_DEPLOYMENT_TARGET = 14.3;
				MTL_ENABLE_DEBUG_INFO = NO;
				MTL_FAST_MATH = YES;
				SDKROOT = iphoneos;
				SWIFT_COMPILATION_MODE = wholemodule;
				SWIFT_OPTIMIZATION_LEVEL = "-O";
				VALIDATE_PRODUCT = YES;
			};
			name = Release;
		};
		B3CE27C225A8AED700C5E0A9 /* Debug */ = {
			isa = XCBuildConfiguration;
			baseConfigurationReference = 81C8028902E4DEC15D6C888B /* Pods-TripStory.debug.xcconfig */;
			buildSettings = {
				ASSETCATALOG_COMPILER_APPICON_NAME = AppIcon;
				ASSETCATALOG_COMPILER_GLOBAL_ACCENT_COLOR_NAME = AccentColor;
				CODE_SIGN_STYLE = Automatic;
				DEVELOPMENT_ASSET_PATHS = "\"TripStory/UI/Resources/Preview Content\"";
				DEVELOPMENT_TEAM = 24523H34CV;
				ENABLE_PREVIEWS = YES;
				INFOPLIST_FILE = TripStory/UI/Resources/Info.plist;
				IPHONEOS_DEPLOYMENT_TARGET = 14.0;
				LD_RUNPATH_SEARCH_PATHS = (
					"$(inherited)",
					"@executable_path/Frameworks",
				);
				PRODUCT_BUNDLE_IDENTIFIER = io.github.gon125.ios.TripStory;
				PRODUCT_NAME = "$(TARGET_NAME)";
				SWIFT_VERSION = 5.0;
				TARGETED_DEVICE_FAMILY = "1,2";
			};
			name = Debug;
		};
		B3CE27C325A8AED700C5E0A9 /* Release */ = {
			isa = XCBuildConfiguration;
			baseConfigurationReference = 721993A5007FB602A042D5A4 /* Pods-TripStory.release.xcconfig */;
			buildSettings = {
				ASSETCATALOG_COMPILER_APPICON_NAME = AppIcon;
				ASSETCATALOG_COMPILER_GLOBAL_ACCENT_COLOR_NAME = AccentColor;
				CODE_SIGN_STYLE = Automatic;
				DEVELOPMENT_ASSET_PATHS = "\"TripStory/UI/Resources/Preview Content\"";
				DEVELOPMENT_TEAM = 24523H34CV;
				ENABLE_PREVIEWS = YES;
				INFOPLIST_FILE = TripStory/UI/Resources/Info.plist;
				IPHONEOS_DEPLOYMENT_TARGET = 14.0;
				LD_RUNPATH_SEARCH_PATHS = (
					"$(inherited)",
					"@executable_path/Frameworks",
				);
				PRODUCT_BUNDLE_IDENTIFIER = io.github.gon125.ios.TripStory;
				PRODUCT_NAME = "$(TARGET_NAME)";
				SWIFT_VERSION = 5.0;
				TARGETED_DEVICE_FAMILY = "1,2";
			};
			name = Release;
		};
		B3CE282025A9A89500C5E0A9 /* Debug */ = {
			isa = XCBuildConfiguration;
			buildSettings = {
				BUNDLE_LOADER = "$(TEST_HOST)";
				CODE_SIGN_STYLE = Automatic;
				DEVELOPMENT_TEAM = 24523H34CV;
				INFOPLIST_FILE = UnitTests/Resources/Info.plist;
				LD_RUNPATH_SEARCH_PATHS = (
					"$(inherited)",
					"@executable_path/Frameworks",
					"@loader_path/Frameworks",
				);
				PRODUCT_BUNDLE_IDENTIFIER = io.github.gon125.UnitTests;
				PRODUCT_NAME = "$(TARGET_NAME)";
				SWIFT_VERSION = 5.0;
				TARGETED_DEVICE_FAMILY = "1,2";
				TEST_HOST = "$(BUILT_PRODUCTS_DIR)/TripStory.app/TripStory";
			};
			name = Debug;
		};
		B3CE282125A9A89500C5E0A9 /* Release */ = {
			isa = XCBuildConfiguration;
			buildSettings = {
				BUNDLE_LOADER = "$(TEST_HOST)";
				CODE_SIGN_STYLE = Automatic;
				DEVELOPMENT_TEAM = 24523H34CV;
				INFOPLIST_FILE = UnitTests/Resources/Info.plist;
				LD_RUNPATH_SEARCH_PATHS = (
					"$(inherited)",
					"@executable_path/Frameworks",
					"@loader_path/Frameworks",
				);
				PRODUCT_BUNDLE_IDENTIFIER = io.github.gon125.UnitTests;
				PRODUCT_NAME = "$(TARGET_NAME)";
				SWIFT_VERSION = 5.0;
				TARGETED_DEVICE_FAMILY = "1,2";
				TEST_HOST = "$(BUILT_PRODUCTS_DIR)/TripStory.app/TripStory";
			};
			name = Release;
		};
/* End XCBuildConfiguration section */

/* Begin XCConfigurationList section */
		B3CE279725A8AED300C5E0A9 /* Build configuration list for PBXProject "TripStory" */ = {
			isa = XCConfigurationList;
			buildConfigurations = (
				B3CE27BF25A8AED700C5E0A9 /* Debug */,
				B3CE27C025A8AED700C5E0A9 /* Release */,
			);
			defaultConfigurationIsVisible = 0;
			defaultConfigurationName = Release;
		};
		B3CE27C125A8AED700C5E0A9 /* Build configuration list for PBXNativeTarget "TripStory" */ = {
			isa = XCConfigurationList;
			buildConfigurations = (
				B3CE27C225A8AED700C5E0A9 /* Debug */,
				B3CE27C325A8AED700C5E0A9 /* Release */,
			);
			defaultConfigurationIsVisible = 0;
			defaultConfigurationName = Release;
		};
		B3CE281F25A9A89500C5E0A9 /* Build configuration list for PBXNativeTarget "UnitTests" */ = {
			isa = XCConfigurationList;
			buildConfigurations = (
				B3CE282025A9A89500C5E0A9 /* Debug */,
				B3CE282125A9A89500C5E0A9 /* Release */,
			);
			defaultConfigurationIsVisible = 0;
			defaultConfigurationName = Release;
		};
/* End XCConfigurationList section */

/* Begin XCRemoteSwiftPackageReference section */
		B32EE28625B916AA00B5473D /* XCRemoteSwiftPackageReference "KeychainAccess" */ = {
			isa = XCRemoteSwiftPackageReference;
			repositoryURL = "https://github.com/kishikawakatsumi/KeychainAccess.git";
			requirement = {
				kind = upToNextMajorVersion;
				minimumVersion = 4.2.1;
			};
		};
		B3CE283525A9AAF300C5E0A9 /* XCRemoteSwiftPackageReference "EnvironmentOverrides" */ = {
			isa = XCRemoteSwiftPackageReference;
			repositoryURL = "https://github.com/nalexn/EnvironmentOverrides";
			requirement = {
				kind = upToNextMajorVersion;
				minimumVersion = 0.0.2;
			};
		};
		B3F8D1BA25AD4D320039D9D8 /* XCRemoteSwiftPackageReference "ViewInspector" */ = {
			isa = XCRemoteSwiftPackageReference;
			repositoryURL = "https://github.com/nalexn/ViewInspector";
			requirement = {
				kind = upToNextMajorVersion;
				minimumVersion = 0.6.0;
			};
		};
/* End XCRemoteSwiftPackageReference section */

/* Begin XCSwiftPackageProductDependency section */
		B3247D3B25A9FE340002A7EA /* EnvironmentOverrides */ = {
			isa = XCSwiftPackageProductDependency;
			package = B3CE283525A9AAF300C5E0A9 /* XCRemoteSwiftPackageReference "EnvironmentOverrides" */;
			productName = EnvironmentOverrides;
		};
		B32EE28725B916AA00B5473D /* KeychainAccess */ = {
			isa = XCSwiftPackageProductDependency;
			package = B32EE28625B916AA00B5473D /* XCRemoteSwiftPackageReference "KeychainAccess" */;
			productName = KeychainAccess;
		};
		B3F8D1BB25AD4D320039D9D8 /* ViewInspector */ = {
			isa = XCSwiftPackageProductDependency;
			package = B3F8D1BA25AD4D320039D9D8 /* XCRemoteSwiftPackageReference "ViewInspector" */;
			productName = ViewInspector;
		};
/* End XCSwiftPackageProductDependency section */
	};
	rootObject = B3CE279425A8AED300C5E0A9 /* Project object */;
}
